PODS:
  - Kingfisher (5.9.0):
    - Kingfisher/Core (= 5.9.0)
  - Kingfisher/Core (5.9.0)
  - PureLayout (3.1.4)

DEPENDENCIES:
  - Kingfisher
  - PureLayout

SPEC REPOS:
  https://github.com/CocoaPods/Specs.git:
    - PureLayout
  trunk:
    - Kingfisher

SPEC CHECKSUMS:
  Kingfisher: ff98240aebb7302bdc4f1ecd701761030ce18b16
  PureLayout: f08c01b8dec00bb14a1fefa3de4c7d9c265df85e

PODFILE CHECKSUM: 7fda8bca36272a74a9c61ee69194bb1ebbf2dfa1

COCOAPODS: 1.8.4
