// !$*UTF8*$!
{
	archiveVersion = 1;
	classes = {
	};
	objectVersion = 50;
	objects = {

/* Begin PBXBuildFile section */
		2614E424234F6866001071D9 /* UserDetailsViewModel.swift in Sources */ = {isa = PBXBuildFile; fileRef = 2614E423234F6866001071D9 /* UserDetailsViewModel.swift */; };
		2614E426234F68A6001071D9 /* UserTable.swift in Sources */ = {isa = PBXBuildFile; fileRef = 2614E425234F68A6001071D9 /* UserTable.swift */; };
		2614E428234F68BD001071D9 /* UserTable.xib in Resources */ = {isa = PBXBuildFile; fileRef = 2614E427234F68BD001071D9 /* UserTable.xib */; };
		2614E42C234F6935001071D9 /* Main.storyboard in Resources */ = {isa = PBXBuildFile; fileRef = 2614E42B234F6935001071D9 /* Main.storyboard */; };
		26201C19234F6AEF0041F0ED /* ViewController.swift in Sources */ = {isa = PBXBuildFile; fileRef = 26201C18234F6AEF0041F0ED /* ViewController.swift */; };
		263AE4AF233BA88C0011EED0 /* AppDelegate.swift in Sources */ = {isa = PBXBuildFile; fileRef = 263AE4AE233BA88C0011EED0 /* AppDelegate.swift */; };
		263AE4B1233BA88C0011EED0 /* SceneDelegate.swift in Sources */ = {isa = PBXBuildFile; fileRef = 263AE4B0233BA88C0011EED0 /* SceneDelegate.swift */; };
		263AE4B8233BA88E0011EED0 /* Assets.xcassets in Resources */ = {isa = PBXBuildFile; fileRef = 263AE4B7233BA88E0011EED0 /* Assets.xcassets */; };
		263AE4BB233BA88E0011EED0 /* LaunchScreen.storyboard in Resources */ = {isa = PBXBuildFile; fileRef = 263AE4B9233BA88E0011EED0 /* LaunchScreen.storyboard */; };
		263AE4C3233BA9100011EED0 /* JsonService.swift in Sources */ = {isa = PBXBuildFile; fileRef = 263AE4C2233BA9100011EED0 /* JsonService.swift */; };
		263AE4C7233BDF9C0011EED0 /* UserDetails.swift in Sources */ = {isa = PBXBuildFile; fileRef = 263AE4C6233BDF9C0011EED0 /* UserDetails.swift */; };
		26A6596B2350710800B28C91 /* ConstructViewsProtocol.swift in Sources */ = {isa = PBXBuildFile; fileRef = 26A6596A2350710800B28C91 /* ConstructViewsProtocol.swift */; };
		26A6596D23545CE500B28C91 /* UserTable+Design.swift in Sources */ = {isa = PBXBuildFile; fileRef = 26A6596C23545CE500B28C91 /* UserTable+Design.swift */; };
		26F1D017235605F80023BCFF /* UserViewController.swift in Sources */ = {isa = PBXBuildFile; fileRef = 26F1D016235605F80023BCFF /* UserViewController.swift */; };
		26F1D019235606160023BCFF /* UserViewController.xib in Resources */ = {isa = PBXBuildFile; fileRef = 26F1D018235606160023BCFF /* UserViewController.xib */; };
		B8F0A6045B0872251BD152C0 /* Pods_Sample_project.framework in Frameworks */ = {isa = PBXBuildFile; fileRef = 91326CF61CB6D226BA41884E /* Pods_Sample_project.framework */; };
/* End PBXBuildFile section */

/* Begin PBXFileReference section */
		1A9B48477568D9D08CFD52F7 /* Pods-Sample project.debug.xcconfig */ = {isa = PBXFileReference; includeInIndex = 1; lastKnownFileType = text.xcconfig; name = "Pods-Sample project.debug.xcconfig"; path = "Target Support Files/Pods-Sample project/Pods-Sample project.debug.xcconfig"; sourceTree = "<group>"; };
		2614E423234F6866001071D9 /* UserDetailsViewModel.swift */ = {isa = PBXFileReference; lastKnownFileType = sourcecode.swift; path = UserDetailsViewModel.swift; sourceTree = "<group>"; };
		2614E425234F68A6001071D9 /* UserTable.swift */ = {isa = PBXFileReference; lastKnownFileType = sourcecode.swift; path = UserTable.swift; sourceTree = "<group>"; };
		2614E427234F68BD001071D9 /* UserTable.xib */ = {isa = PBXFileReference; fileEncoding = 4; lastKnownFileType = file.xib; path = UserTable.xib; sourceTree = "<group>"; };
		2614E42B234F6935001071D9 /* Main.storyboard */ = {isa = PBXFileReference; fileEncoding = 4; lastKnownFileType = file.storyboard; path = Main.storyboard; sourceTree = "<group>"; };
		26201C18234F6AEF0041F0ED /* ViewController.swift */ = {isa = PBXFileReference; lastKnownFileType = sourcecode.swift; path = ViewController.swift; sourceTree = "<group>"; };
		263AE4AB233BA88C0011EED0 /* Sample project.app */ = {isa = PBXFileReference; explicitFileType = wrapper.application; includeInIndex = 0; path = "Sample project.app"; sourceTree = BUILT_PRODUCTS_DIR; };
		263AE4AE233BA88C0011EED0 /* AppDelegate.swift */ = {isa = PBXFileReference; lastKnownFileType = sourcecode.swift; path = AppDelegate.swift; sourceTree = "<group>"; };
		263AE4B0233BA88C0011EED0 /* SceneDelegate.swift */ = {isa = PBXFileReference; lastKnownFileType = sourcecode.swift; path = SceneDelegate.swift; sourceTree = "<group>"; };
		263AE4B7233BA88E0011EED0 /* Assets.xcassets */ = {isa = PBXFileReference; lastKnownFileType = folder.assetcatalog; path = Assets.xcassets; sourceTree = "<group>"; };
		263AE4BA233BA88E0011EED0 /* Base */ = {isa = PBXFileReference; lastKnownFileType = file.storyboard; name = Base; path = Base.lproj/LaunchScreen.storyboard; sourceTree = "<group>"; };
		263AE4BC233BA88E0011EED0 /* Info.plist */ = {isa = PBXFileReference; lastKnownFileType = text.plist.xml; path = Info.plist; sourceTree = "<group>"; };
		263AE4C2233BA9100011EED0 /* JsonService.swift */ = {isa = PBXFileReference; lastKnownFileType = sourcecode.swift; path = JsonService.swift; sourceTree = "<group>"; };
		263AE4C6233BDF9C0011EED0 /* UserDetails.swift */ = {isa = PBXFileReference; lastKnownFileType = sourcecode.swift; path = UserDetails.swift; sourceTree = "<group>"; };
		26A6596A2350710800B28C91 /* ConstructViewsProtocol.swift */ = {isa = PBXFileReference; lastKnownFileType = sourcecode.swift; path = ConstructViewsProtocol.swift; sourceTree = "<group>"; };
		26A6596C23545CE500B28C91 /* UserTable+Design.swift */ = {isa = PBXFileReference; lastKnownFileType = sourcecode.swift; path = "UserTable+Design.swift"; sourceTree = "<group>"; };
		26F1D016235605F80023BCFF /* UserViewController.swift */ = {isa = PBXFileReference; lastKnownFileType = sourcecode.swift; path = UserViewController.swift; sourceTree = "<group>"; };
		26F1D018235606160023BCFF /* UserViewController.xib */ = {isa = PBXFileReference; lastKnownFileType = file.xib; path = UserViewController.xib; sourceTree = "<group>"; };
		67E774D481429CC00B62AB71 /* Pods-Sample project.release.xcconfig */ = {isa = PBXFileReference; includeInIndex = 1; lastKnownFileType = text.xcconfig; name = "Pods-Sample project.release.xcconfig"; path = "Target Support Files/Pods-Sample project/Pods-Sample project.release.xcconfig"; sourceTree = "<group>"; };
		91326CF61CB6D226BA41884E /* Pods_Sample_project.framework */ = {isa = PBXFileReference; explicitFileType = wrapper.framework; includeInIndex = 0; path = Pods_Sample_project.framework; sourceTree = BUILT_PRODUCTS_DIR; };
/* End PBXFileReference section */

/* Begin PBXFrameworksBuildPhase section */
		263AE4A8233BA88C0011EED0 /* Frameworks */ = {
			isa = PBXFrameworksBuildPhase;
			buildActionMask = 2147483647;
			files = (
				B8F0A6045B0872251BD152C0 /* Pods_Sample_project.framework in Frameworks */,
			);
			runOnlyForDeploymentPostprocessing = 0;
		};
/* End PBXFrameworksBuildPhase section */

/* Begin PBXGroup section */
		26201C12234F6A550041F0ED /* Other */ = {
			isa = PBXGroup;
			children = (
				263AE4AE233BA88C0011EED0 /* AppDelegate.swift */,
				263AE4B0233BA88C0011EED0 /* SceneDelegate.swift */,
			);
			path = Other;
			sourceTree = "<group>";
		};
		26201C13234F6A630041F0ED /* ViewModels */ = {
			isa = PBXGroup;
			children = (
				2614E423234F6866001071D9 /* UserDetailsViewModel.swift */,
			);
			path = ViewModels;
			sourceTree = "<group>";
		};
		26201C14234F6A790041F0ED /* Views */ = {
			isa = PBXGroup;
			children = (
				2614E425234F68A6001071D9 /* UserTable.swift */,
				26A6596C23545CE500B28C91 /* UserTable+Design.swift */,
				2614E42B234F6935001071D9 /* Main.storyboard */,
				26F1D016235605F80023BCFF /* UserViewController.swift */,
				26F1D018235606160023BCFF /* UserViewController.xib */,
				2614E427234F68BD001071D9 /* UserTable.xib */,
				26201C18234F6AEF0041F0ED /* ViewController.swift */,
			);
			path = Views;
			sourceTree = "<group>";
		};
		26201C1A234F6B150041F0ED /* Models */ = {
			isa = PBXGroup;
			children = (
				263AE4C6233BDF9C0011EED0 /* UserDetails.swift */,
			);
			path = Models;
			sourceTree = "<group>";
		};
		26201C1C234F6B3F0041F0ED /* Services */ = {
			isa = PBXGroup;
			children = (
				263AE4C2233BA9100011EED0 /* JsonService.swift */,
			);
			path = Services;
			sourceTree = "<group>";
		};
		263AE4A2233BA88C0011EED0 = {
			isa = PBXGroup;
			children = (
				263AE4AD233BA88C0011EED0 /* Sample project */,
				263AE4AC233BA88C0011EED0 /* Products */,
				3A0EDA21E5546A45A6765635 /* Pods */,
				73E16A074B4C422B381DB2F8 /* Frameworks */,
			);
			sourceTree = "<group>";
		};
		263AE4AC233BA88C0011EED0 /* Products */ = {
			isa = PBXGroup;
			children = (
				263AE4AB233BA88C0011EED0 /* Sample project.app */,
			);
			name = Products;
			sourceTree = "<group>";
		};
		263AE4AD233BA88C0011EED0 /* Sample project */ = {
			isa = PBXGroup;
			children = (
				26201C12234F6A550041F0ED /* Other */,
				26201C13234F6A630041F0ED /* ViewModels */,
				26201C14234F6A790041F0ED /* Views */,
				26201C1A234F6B150041F0ED /* Models */,
				26201C1C234F6B3F0041F0ED /* Services */,
				263AE4B9233BA88E0011EED0 /* LaunchScreen.storyboard */,
				263AE4B7233BA88E0011EED0 /* Assets.xcassets */,
				26A6596A2350710800B28C91 /* ConstructViewsProtocol.swift */,
				263AE4BC233BA88E0011EED0 /* Info.plist */,
			);
			path = "Sample project";
			sourceTree = "<group>";
		};
		3A0EDA21E5546A45A6765635 /* Pods */ = {
			isa = PBXGroup;
			children = (
				1A9B48477568D9D08CFD52F7 /* Pods-Sample project.debug.xcconfig */,
				67E774D481429CC00B62AB71 /* Pods-Sample project.release.xcconfig */,
			);
			path = Pods;
			sourceTree = "<group>";
		};
		73E16A074B4C422B381DB2F8 /* Frameworks */ = {
			isa = PBXGroup;
			children = (
				91326CF61CB6D226BA41884E /* Pods_Sample_project.framework */,
			);
			name = Frameworks;
			sourceTree = "<group>";
		};
/* End PBXGroup section */

/* Begin PBXNativeTarget section */
		263AE4AA233BA88C0011EED0 /* Sample project */ = {
			isa = PBXNativeTarget;
			buildConfigurationList = 263AE4BF233BA88E0011EED0 /* Build configuration list for PBXNativeTarget "Sample project" */;
			buildPhases = (
				D5CFA67B1D56DB8E4EB09AAC /* [CP] Check Pods Manifest.lock */,
				263AE4A7233BA88C0011EED0 /* Sources */,
				263AE4A8233BA88C0011EED0 /* Frameworks */,
				263AE4A9233BA88C0011EED0 /* Resources */,
				EF23B012BAE76A85FF638B5B /* [CP] Embed Pods Frameworks */,
			);
			buildRules = (
			);
			dependencies = (
			);
			name = "Sample project";
			productName = "Sample project";
			productReference = 263AE4AB233BA88C0011EED0 /* Sample project.app */;
			productType = "com.apple.product-type.application";
		};
/* End PBXNativeTarget section */

/* Begin PBXProject section */
		263AE4A3233BA88C0011EED0 /* Project object */ = {
			isa = PBXProject;
			attributes = {
				LastSwiftUpdateCheck = 1100;
				LastUpgradeCheck = 1100;
				ORGANIZATIONNAME = "Sven Svetina";
				TargetAttributes = {
					263AE4AA233BA88C0011EED0 = {
						CreatedOnToolsVersion = 11.0;
					};
				};
			};
			buildConfigurationList = 263AE4A6233BA88C0011EED0 /* Build configuration list for PBXProject "Sample project" */;
			compatibilityVersion = "Xcode 9.3";
			developmentRegion = en;
			hasScannedForEncodings = 0;
			knownRegions = (
				en,
				Base,
			);
			mainGroup = 263AE4A2233BA88C0011EED0;
			productRefGroup = 263AE4AC233BA88C0011EED0 /* Products */;
			projectDirPath = "";
			projectRoot = "";
			targets = (
				263AE4AA233BA88C0011EED0 /* Sample project */,
			);
		};
/* End PBXProject section */

/* Begin PBXResourcesBuildPhase section */
		263AE4A9233BA88C0011EED0 /* Resources */ = {
			isa = PBXResourcesBuildPhase;
			buildActionMask = 2147483647;
			files = (
				263AE4BB233BA88E0011EED0 /* LaunchScreen.storyboard in Resources */,
				26F1D019235606160023BCFF /* UserViewController.xib in Resources */,
				2614E42C234F6935001071D9 /* Main.storyboard in Resources */,
				2614E428234F68BD001071D9 /* UserTable.xib in Resources */,
				263AE4B8233BA88E0011EED0 /* Assets.xcassets in Resources */,
			);
			runOnlyForDeploymentPostprocessing = 0;
		};
/* End PBXResourcesBuildPhase section */

/* Begin PBXShellScriptBuildPhase section */
		D5CFA67B1D56DB8E4EB09AAC /* [CP] Check Pods Manifest.lock */ = {
			isa = PBXShellScriptBuildPhase;
			buildActionMask = 2147483647;
			files = (
			);
			inputFileListPaths = (
			);
			inputPaths = (
				"${PODS_PODFILE_DIR_PATH}/Podfile.lock",
				"${PODS_ROOT}/Manifest.lock",
			);
			name = "[CP] Check Pods Manifest.lock";
			outputFileListPaths = (
			);
			outputPaths = (
				"$(DERIVED_FILE_DIR)/Pods-Sample project-checkManifestLockResult.txt",
			);
			runOnlyForDeploymentPostprocessing = 0;
			shellPath = /bin/sh;
			shellScript = "diff \"${PODS_PODFILE_DIR_PATH}/Podfile.lock\" \"${PODS_ROOT}/Manifest.lock\" > /dev/null\nif [ $? != 0 ] ; then\n    # print error to STDERR\n    echo \"error: The sandbox is not in sync with the Podfile.lock. Run 'pod install' or update your CocoaPods installation.\" >&2\n    exit 1\nfi\n# This output is used by Xcode 'outputs' to avoid re-running this script phase.\necho \"SUCCESS\" > \"${SCRIPT_OUTPUT_FILE_0}\"\n";
			showEnvVarsInLog = 0;
		};
		EF23B012BAE76A85FF638B5B /* [CP] Embed Pods Frameworks */ = {
			isa = PBXShellScriptBuildPhase;
			buildActionMask = 2147483647;
			files = (
			);
			inputFileListPaths = (
			);
			inputPaths = (
				"${PODS_ROOT}/Target Support Files/Pods-Sample project/Pods-Sample project-frameworks.sh",
				"${BUILT_PRODUCTS_DIR}/PureLayout/PureLayout.framework",
			);
			name = "[CP] Embed Pods Frameworks";
			outputFileListPaths = (
			);
			outputPaths = (
				"${TARGET_BUILD_DIR}/${FRAMEWORKS_FOLDER_PATH}/PureLayout.framework",
			);
			runOnlyForDeploymentPostprocessing = 0;
			shellPath = /bin/sh;
			shellScript = "\"${PODS_ROOT}/Target Support Files/Pods-Sample project/Pods-Sample project-frameworks.sh\"\n";
			showEnvVarsInLog = 0;
		};
/* End PBXShellScriptBuildPhase section */

/* Begin PBXSourcesBuildPhase section */
		263AE4A7233BA88C0011EED0 /* Sources */ = {
			isa = PBXSourcesBuildPhase;
			buildActionMask = 2147483647;
			files = (
				2614E426234F68A6001071D9 /* UserTable.swift in Sources */,
				26F1D017235605F80023BCFF /* UserViewController.swift in Sources */,
				26A6596D23545CE500B28C91 /* UserTable+Design.swift in Sources */,
				263AE4AF233BA88C0011EED0 /* AppDelegate.swift in Sources */,
				2614E424234F6866001071D9 /* UserDetailsViewModel.swift in Sources */,
				263AE4B1233BA88C0011EED0 /* SceneDelegate.swift in Sources */,
				26A6596B2350710800B28C91 /* ConstructViewsProtocol.swift in Sources */,
				26201C19234F6AEF0041F0ED /* ViewController.swift in Sources */,
				263AE4C7233BDF9C0011EED0 /* UserDetails.swift in Sources */,
				263AE4C3233BA9100011EED0 /* JsonService.swift in Sources */,
			);
			runOnlyForDeploymentPostprocessing = 0;
		};
/* End PBXSourcesBuildPhase section */

/* Begin PBXVariantGroup section */
		263AE4B9233BA88E0011EED0 /* LaunchScreen.storyboard */ = {
			isa = PBXVariantGroup;
			children = (
				263AE4BA233BA88E0011EED0 /* Base */,
			);
			name = LaunchScreen.storyboard;
			sourceTree = "<group>";
		};
/* End PBXVariantGroup section */

/* Begin XCBuildConfiguration section */
		263AE4BD233BA88E0011EED0 /* Debug */ = {
			isa = XCBuildConfiguration;
			buildSettings = {
				ALWAYS_SEARCH_USER_PATHS = NO;
				CLANG_ANALYZER_NONNULL = YES;
				CLANG_ANALYZER_NUMBER_OBJECT_CONVERSION = YES_AGGRESSIVE;
				CLANG_CXX_LANGUAGE_STANDARD = "gnu++14";
				CLANG_CXX_LIBRARY = "libc++";
				CLANG_ENABLE_MODULES = YES;
				CLANG_ENABLE_OBJC_ARC = YES;
				CLANG_ENABLE_OBJC_WEAK = YES;
				CLANG_WARN_BLOCK_CAPTURE_AUTORELEASING = YES;
				CLANG_WARN_BOOL_CONVERSION = YES;
				CLANG_WARN_COMMA = YES;
				CLANG_WARN_CONSTANT_CONVERSION = YES;
				CLANG_WARN_DEPRECATED_OBJC_IMPLEMENTATIONS = YES;
				CLANG_WARN_DIRECT_OBJC_ISA_USAGE = YES_ERROR;
				CLANG_WARN_DOCUMENTATION_COMMENTS = YES;
				CLANG_WARN_EMPTY_BODY = YES;
				CLANG_WARN_ENUM_CONVERSION = YES;
				CLANG_WARN_INFINITE_RECURSION = YES;
				CLANG_WARN_INT_CONVERSION = YES;
				CLANG_WARN_NON_LITERAL_NULL_CONVERSION = YES;
				CLANG_WARN_OBJC_IMPLICIT_RETAIN_SELF = YES;
				CLANG_WARN_OBJC_LITERAL_CONVERSION = YES;
				CLANG_WARN_OBJC_ROOT_CLASS = YES_ERROR;
				CLANG_WARN_RANGE_LOOP_ANALYSIS = YES;
				CLANG_WARN_STRICT_PROTOTYPES = YES;
				CLANG_WARN_SUSPICIOUS_MOVE = YES;
				CLANG_WARN_UNGUARDED_AVAILABILITY = YES_AGGRESSIVE;
				CLANG_WARN_UNREACHABLE_CODE = YES;
				CLANG_WARN__DUPLICATE_METHOD_MATCH = YES;
				COPY_PHASE_STRIP = NO;
				DEBUG_INFORMATION_FORMAT = dwarf;
				ENABLE_STRICT_OBJC_MSGSEND = YES;
				ENABLE_TESTABILITY = YES;
				GCC_C_LANGUAGE_STANDARD = gnu11;
				GCC_DYNAMIC_NO_PIC = NO;
				GCC_NO_COMMON_BLOCKS = YES;
				GCC_OPTIMIZATION_LEVEL = 0;
				GCC_PREPROCESSOR_DEFINITIONS = (
					"DEBUG=1",
					"$(inherited)",
				);
				GCC_WARN_64_TO_32_BIT_CONVERSION = YES;
				GCC_WARN_ABOUT_RETURN_TYPE = YES_ERROR;
				GCC_WARN_UNDECLARED_SELECTOR = YES;
				GCC_WARN_UNINITIALIZED_AUTOS = YES_AGGRESSIVE;
				GCC_WARN_UNUSED_FUNCTION = YES;
				GCC_WARN_UNUSED_VARIABLE = YES;
				IPHONEOS_DEPLOYMENT_TARGET = 13.0;
				MTL_ENABLE_DEBUG_INFO = INCLUDE_SOURCE;
				MTL_FAST_MATH = YES;
				ONLY_ACTIVE_ARCH = YES;
				SDKROOT = iphoneos;
				SWIFT_ACTIVE_COMPILATION_CONDITIONS = DEBUG;
				SWIFT_OPTIMIZATION_LEVEL = "-Onone";
			};
			name = Debug;
		};
		263AE4BE233BA88E0011EED0 /* Release */ = {
			isa = XCBuildConfiguration;
			buildSettings = {
				ALWAYS_SEARCH_USER_PATHS = NO;
				CLANG_ANALYZER_NONNULL = YES;
				CLANG_ANALYZER_NUMBER_OBJECT_CONVERSION = YES_AGGRESSIVE;
				CLANG_CXX_LANGUAGE_STANDARD = "gnu++14";
				CLANG_CXX_LIBRARY = "libc++";
				CLANG_ENABLE_MODULES = YES;
				CLANG_ENABLE_OBJC_ARC = YES;
				CLANG_ENABLE_OBJC_WEAK = YES;
				CLANG_WARN_BLOCK_CAPTURE_AUTORELEASING = YES;
				CLANG_WARN_BOOL_CONVERSION = YES;
				CLANG_WARN_COMMA = YES;
				CLANG_WARN_CONSTANT_CONVERSION = YES;
				CLANG_WARN_DEPRECATED_OBJC_IMPLEMENTATIONS = YES;
				CLANG_WARN_DIRECT_OBJC_ISA_USAGE = YES_ERROR;
				CLANG_WARN_DOCUMENTATION_COMMENTS = YES;
				CLANG_WARN_EMPTY_BODY = YES;
				CLANG_WARN_ENUM_CONVERSION = YES;
				CLANG_WARN_INFINITE_RECURSION = YES;
				CLANG_WARN_INT_CONVERSION = YES;
				CLANG_WARN_NON_LITERAL_NULL_CONVERSION = YES;
				CLANG_WARN_OBJC_IMPLICIT_RETAIN_SELF = YES;
				CLANG_WARN_OBJC_LITERAL_CONVERSION = YES;
				CLANG_WARN_OBJC_ROOT_CLASS = YES_ERROR;
				CLANG_WARN_RANGE_LOOP_ANALYSIS = YES;
				CLANG_WARN_STRICT_PROTOTYPES = YES;
				CLANG_WARN_SUSPICIOUS_MOVE = YES;
				CLANG_WARN_UNGUARDED_AVAILABILITY = YES_AGGRESSIVE;
				CLANG_WARN_UNREACHABLE_CODE = YES;
				CLANG_WARN__DUPLICATE_METHOD_MATCH = YES;
				COPY_PHASE_STRIP = NO;
				DEBUG_INFORMATION_FORMAT = "dwarf-with-dsym";
				ENABLE_NS_ASSERTIONS = NO;
				ENABLE_STRICT_OBJC_MSGSEND = YES;
				GCC_C_LANGUAGE_STANDARD = gnu11;
				GCC_NO_COMMON_BLOCKS = YES;
				GCC_WARN_64_TO_32_BIT_CONVERSION = YES;
				GCC_WARN_ABOUT_RETURN_TYPE = YES_ERROR;
				GCC_WARN_UNDECLARED_SELECTOR = YES;
				GCC_WARN_UNINITIALIZED_AUTOS = YES_AGGRESSIVE;
				GCC_WARN_UNUSED_FUNCTION = YES;
				GCC_WARN_UNUSED_VARIABLE = YES;
				IPHONEOS_DEPLOYMENT_TARGET = 13.0;
				MTL_ENABLE_DEBUG_INFO = NO;
				MTL_FAST_MATH = YES;
				SDKROOT = iphoneos;
				SWIFT_COMPILATION_MODE = wholemodule;
				SWIFT_OPTIMIZATION_LEVEL = "-O";
				VALIDATE_PRODUCT = YES;
			};
			name = Release;
		};
		263AE4C0233BA88E0011EED0 /* Debug */ = {
			isa = XCBuildConfiguration;
			baseConfigurationReference = 1A9B48477568D9D08CFD52F7 /* Pods-Sample project.debug.xcconfig */;
			buildSettings = {
				ASSETCATALOG_COMPILER_APPICON_NAME = AppIcon;
				CODE_SIGN_STYLE = Automatic;
				DEVELOPMENT_TEAM = 37NP6KPC8R;
				INFOPLIST_FILE = "Sample project/Info.plist";
				LD_RUNPATH_SEARCH_PATHS = (
					"$(inherited)",
					"@executable_path/Frameworks",
				);
				PRODUCT_BUNDLE_IDENTIFIER = "com.sven.Sample-project";
				PRODUCT_NAME = "$(TARGET_NAME)";
				SWIFT_VERSION = 5.0;
				TARGETED_DEVICE_FAMILY = "1,2";
			};
			name = Debug;
		};
		263AE4C1233BA88E0011EED0 /* Release */ = {
			isa = XCBuildConfiguration;
			baseConfigurationReference = 67E774D481429CC00B62AB71 /* Pods-Sample project.release.xcconfig */;
			buildSettings = {
				ASSETCATALOG_COMPILER_APPICON_NAME = AppIcon;
				CODE_SIGN_STYLE = Automatic;
				DEVELOPMENT_TEAM = 37NP6KPC8R;
				INFOPLIST_FILE = "Sample project/Info.plist";
				LD_RUNPATH_SEARCH_PATHS = (
					"$(inherited)",
					"@executable_path/Frameworks",
				);
				PRODUCT_BUNDLE_IDENTIFIER = "com.sven.Sample-project";
				PRODUCT_NAME = "$(TARGET_NAME)";
				SWIFT_VERSION = 5.0;
				TARGETED_DEVICE_FAMILY = "1,2";
			};
			name = Release;
		};
/* End XCBuildConfiguration section */

/* Begin XCConfigurationList section */
		263AE4A6233BA88C0011EED0 /* Build configuration list for PBXProject "Sample project" */ = {
			isa = XCConfigurationList;
			buildConfigurations = (
				263AE4BD233BA88E0011EED0 /* Debug */,
				263AE4BE233BA88E0011EED0 /* Release */,
			);
			defaultConfigurationIsVisible = 0;
			defaultConfigurationName = Release;
		};
		263AE4BF233BA88E0011EED0 /* Build configuration list for PBXNativeTarget "Sample project" */ = {
			isa = XCConfigurationList;
			buildConfigurations = (
				263AE4C0233BA88E0011EED0 /* Debug */,
				263AE4C1233BA88E0011EED0 /* Release */,
			);
			defaultConfigurationIsVisible = 0;
			defaultConfigurationName = Release;
		};
/* End XCConfigurationList section */
	};
	rootObject = 263AE4A3233BA88C0011EED0 /* Project object */;
}
